name: Grimlock
slug_name: grimlock
challenge_rating: 0.25
experience: 50
size: Medium
type: humanoid
subtype: grimlock
alignment: neutral evil
armor_class: 11
armor_class_type:
hit_points: 11
hit_dice: 2d8+2
speed: 30 ft.
strength: 16
dexterity: 12
constitution: 12
intelligence: 9
wisdom: 8
charisma: 6
saving_throws:
skills: Athletics +5, Perception +3, Stealth +3
senses: blindsight 30 ft. or 10 ft. while deafened (blind beyond this radius)
languages: Undercommon
damage_resistances:
damage_immunities: blinded
damage_vulnerabilities:
condition_immunities:
special_abilities:
   - name: Blind Senses
     description: The grimlock can't use its blindsight while deafened and unable to smell.
   - name: Keen Hearing and Smell
     description: The grimlock has advantage on Wisdom (Perception) checks that rely on hearing or smell.
   - name: Stone Camouflage
     description: The grimlock has advantage on Dexterity (Stealth) checks made to hide in rocky terrain.
actions:
   - name: Spiked Bone Club
     description: 'Melee Weapon Attack: +5 to hit, reach 5 ft., one target. Hit: 5 (1d4 + 3) bludgeoning damage plus 2 (1d4) piercing damage.'
environments:
   - cave
   - dungeon
   - underground
